
Microsoft Visual Studio Solution File, Format Version 12.00
# Visual Studio Version 17
VisualStudioVersion = 17.11.35431.28
MinimumVisualStudioVersion = 10.0.40219.1
Project("{FAE04EC0-301F-11D3-BF4B-00C04F79EFBC}") = "omtgraphicsexample", "omtgraphicsexample.csproj", "{0E671018-770B-4F53-9199-30807405A368}"
EndProject
Global
	GlobalSection(SolutionConfigurationPlatforms) = preSolution
		Debug|Any CPU = Debug|Any CPU
		Release|Any CPU = Release|Any CPU
	EndGlobalSection
	GlobalSection(ProjectConfigurationPlatforms) = postSolution
		{0E671018-770B-4F53-9199-30807405A368}.Debug|Any CPU.ActiveCfg = Debug|Any CPU
		{0E671018-770B-4F53-9199-30807405A368}.Debug|Any CPU.Build.0 = Debug|Any CPU
		{0E671018-770B-4F53-9199-30807405A368}.Release|Any CPU.ActiveCfg = Release|Any CPU
		{0E671018-770B-4F53-9199-30807405A368}.Release|Any CPU.Build.0 = Release|Any CPU
	EndGlobalSection
	GlobalSection(SolutionProperties) = preSolution
		HideSolutionNode = FALSE
	EndGlobalSection
	GlobalSection(ExtensibilityGlobals) = postSolution
		SolutionGuid = {232A60FB-F452-4930-B746-90D05F7646A6}
	EndGlobalSection
EndGlobal
